
Microsoft Visual Studio Solution File, Format Version 12.00
# Visual Studio Version 16
VisualStudioVersion = 16.0.32413.511
MinimumVisualStudioVersion = 10.0.40219.1
Project("{FAE04EC0-301F-11D3-BF4B-00C04F79EFBC}") = "VSforWEB ex 2", "VSforWEB ex 2\VSforWEB ex 2.csproj", "{5CFFA55B-1B88-4D86-B96D-B3F4B7518870}"
EndProject
Global
	GlobalSection(SolutionConfigurationPlatforms) = preSolution
		Debug|Any CPU = Debug|Any CPU
		Release|Any CPU = Release|Any CPU
	EndGlobalSection
	GlobalSection(ProjectConfigurationPlatforms) = postSolution
		{5CFFA55B-1B88-4D86-B96D-B3F4B7518870}.Debug|Any CPU.ActiveCfg = Debug|Any CPU
		{5CFFA55B-1B88-4D86-B96D-B3F4B7518870}.Debug|Any CPU.Build.0 = Debug|Any CPU
		{5CFFA55B-1B88-4D86-B96D-B3F4B7518870}.Release|Any CPU.ActiveCfg = Release|Any CPU
		{5CFFA55B-1B88-4D86-B96D-B3F4B7518870}.Release|Any CPU.Build.0 = Release|Any CPU
	EndGlobalSection
	GlobalSection(SolutionProperties) = preSolution
		HideSolutionNode = FALSE
	EndGlobalSection
	GlobalSection(ExtensibilityGlobals) = postSolution
		SolutionGuid = {141B0805-5C30-4AEE-818A-CCE8FE841FE9}
	EndGlobalSection
EndGlobal
